Microsoft Visual Studio Solution File, Format Version 12.00
# Visual Studio Version 17
VisualStudioVersion = 17.5.2.0
MinimumVisualStudioVersion = 10.0.40219.1
Project("{FAE04EC0-301F-11D3-BF4B-00C04F79EFBC}") = "03_Constructors", "03_Constructors.csproj", "{DCC8D429-946A-7C7F-8820-51DC1E58FD81}"
EndProject
Global
	GlobalSection(SolutionConfigurationPlatforms) = preSolution
		Debug|Any CPU = Debug|Any CPU
		Release|Any CPU = Release|Any CPU
	EndGlobalSection
	GlobalSection(ProjectConfigurationPlatforms) = postSolution
		{DCC8D429-946A-7C7F-8820-51DC1E58FD81}.Debug|Any CPU.ActiveCfg = Debug|Any CPU
		{DCC8D429-946A-7C7F-8820-51DC1E58FD81}.Debug|Any CPU.Build.0 = Debug|Any CPU
		{DCC8D429-946A-7C7F-8820-51DC1E58FD81}.Release|Any CPU.ActiveCfg = Release|Any CPU
		{DCC8D429-946A-7C7F-8820-51DC1E58FD81}.Release|Any CPU.Build.0 = Release|Any CPU
	EndGlobalSection
	GlobalSection(SolutionProperties) = preSolution
		HideSolutionNode = FALSE
	EndGlobalSection
	GlobalSection(ExtensibilityGlobals) = postSolution
		SolutionGuid = {9906802C-02D2-4450-9673-0317EFCD78DD}
	EndGlobalSection
EndGlobal
